PODS:
  - Flutter (1.0.0)
  - FlutterPluginRegistrant (0.0.1):
    - Flutter

DEPENDENCIES:
  - Flutter (from `native_in_fluter/.ios/Flutter`)
  - FlutterPluginRegistrant (from `native_in_fluter/.ios/Flutter/FlutterPluginRegistrant`)

EXTERNAL SOURCES:
  Flutter:
    :path: native_in_fluter/.ios/Flutter
  FlutterPluginRegistrant:
    :path: native_in_fluter/.ios/Flutter/FlutterPluginRegistrant

SPEC CHECKSUMS:
  Flutter: f04841e97a9d0b0a8025694d0796dd46242b2854
  FlutterPluginRegistrant: 58acfb6cb31ee4ca14f920aba101815efda113ee

PODFILE CHECKSUM: 739a7299d8ed820c5592dfd23a937005f606ccfe

COCOAPODS: 1.14.2
